
Microsoft Visual Studio Solution File, Format Version 12.00
# Visual Studio Version 17
VisualStudioVersion = 17.11.35431.28
MinimumVisualStudioVersion = 10.0.40219.1
Project("{FAE04EC0-301F-11D3-BF4B-00C04F79EFBC}") = "Core.Persistence", "Core.Persistence\Core.Persistence.csproj", "{7CE63AA2-5B9D-4145-971A-C21CFB8F4470}"
EndProject
Project("{FAE04EC0-301F-11D3-BF4B-00C04F79EFBC}") = "Core.Application", "Core.Application\Core.Application.csproj", "{4FC4A2ED-FA27-4923-BC21-D214E1ED8BCA}"
EndProject
Project("{FAE04EC0-301F-11D3-BF4B-00C04F79EFBC}") = "Core.Security", "Core.Security\Core.Security.csproj", "{7D1A4BF7-2D62-48A7-BFB0-B993BB750895}"
EndProject
Project("{FAE04EC0-301F-11D3-BF4B-00C04F79EFBC}") = "Core.BackgroundJobs", "Core.BackgroundJobs\Core.BackgroundJobs.csproj", "{F7722602-F11D-4BAE-82C0-2274908B61BD}"
EndProject
Project("{FAE04EC0-301F-11D3-BF4B-00C04F79EFBC}") = "Core.Integration", "Core.Integration\Core.Integration.csproj", "{1049BEC9-15AF-46AF-A356-32BA6EA7ECBD}"
EndProject
Project("{FAE04EC0-301F-11D3-BF4B-00C04F79EFBC}") = "Core.ToolKit", "Core.ToolKit\Core.ToolKit.csproj", "{E6EDBDC7-D727-407A-A131-B23C1A98C987}"
EndProject
Project("{FAE04EC0-301F-11D3-BF4B-00C04F79EFBC}") = "Core.Infrastructure", "Core.Infrastructure\Core.Infrastructure.csproj", "{FEC3BBCE-0EBE-4AD9-B31B-F3D08167C69E}"
EndProject
Project("{FAE04EC0-301F-11D3-BF4B-00C04F79EFBC}") = "Core.CrossCuttingConcerns", "Core.CrossCuttingConcerns\Core.CrossCuttingConcerns.csproj", "{54887447-13B9-4754-BAC5-365CD9D690BE}"
EndProject
Project("{FAE04EC0-301F-11D3-BF4B-00C04F79EFBC}") = "Core.Api", "Core.Api\Core.Api.csproj", "{E068AC41-7CBE-4B67-8873-2A02FA509A5A}"
EndProject
Project("{FAE04EC0-301F-11D3-BF4B-00C04F79EFBC}") = "Core.Test.Persistence", "Core.Test.Persistence\Core.Test.Persistence.csproj", "{146E7E67-2AC4-4162-8EE2-FFD9BF313BF9}"
EndProject
Project("{FAE04EC0-301F-11D3-BF4B-00C04F79EFBC}") = "Core.Test.SecurityJWT", "Core.Test.SecurityJWT\Core.Test.SecurityJWT.csproj", "{E767139B-2ADF-48E8-8CB9-4C2B2A8908C3}"
EndProject
Project("{FAE04EC0-301F-11D3-BF4B-00C04F79EFBC}") = "Core.Test.Caching", "Core.Test.Caching\Core.Test.Caching.csproj", "{9FDB7D4B-5F30-4B71-BE11-494A3CB7E6C0}"
EndProject
Project("{FAE04EC0-301F-11D3-BF4B-00C04F79EFBC}") = "Core.Localization", "Core.Localization\Core.Localization.csproj", "{F937EB0A-871F-4574-9570-B75F90AEF745}"
EndProject
Global
	GlobalSection(SolutionConfigurationPlatforms) = preSolution
		Debug|Any CPU = Debug|Any CPU
		Release|Any CPU = Release|Any CPU
	EndGlobalSection
	GlobalSection(ProjectConfigurationPlatforms) = postSolution
		{7CE63AA2-5B9D-4145-971A-C21CFB8F4470}.Debug|Any CPU.ActiveCfg = Release|Any CPU
		{7CE63AA2-5B9D-4145-971A-C21CFB8F4470}.Debug|Any CPU.Build.0 = Release|Any CPU
		{7CE63AA2-5B9D-4145-971A-C21CFB8F4470}.Release|Any CPU.ActiveCfg = Release|Any CPU
		{7CE63AA2-5B9D-4145-971A-C21CFB8F4470}.Release|Any CPU.Build.0 = Release|Any CPU
		{4FC4A2ED-FA27-4923-BC21-D214E1ED8BCA}.Debug|Any CPU.ActiveCfg = Debug|Any CPU
		{4FC4A2ED-FA27-4923-BC21-D214E1ED8BCA}.Debug|Any CPU.Build.0 = Debug|Any CPU
		{4FC4A2ED-FA27-4923-BC21-D214E1ED8BCA}.Release|Any CPU.ActiveCfg = Release|Any CPU
		{4FC4A2ED-FA27-4923-BC21-D214E1ED8BCA}.Release|Any CPU.Build.0 = Release|Any CPU
		{7D1A4BF7-2D62-48A7-BFB0-B993BB750895}.Debug|Any CPU.ActiveCfg = Debug|Any CPU
		{7D1A4BF7-2D62-48A7-BFB0-B993BB750895}.Debug|Any CPU.Build.0 = Debug|Any CPU
		{7D1A4BF7-2D62-48A7-BFB0-B993BB750895}.Release|Any CPU.ActiveCfg = Release|Any CPU
		{7D1A4BF7-2D62-48A7-BFB0-B993BB750895}.Release|Any CPU.Build.0 = Release|Any CPU
		{F7722602-F11D-4BAE-82C0-2274908B61BD}.Debug|Any CPU.ActiveCfg = Debug|Any CPU
		{F7722602-F11D-4BAE-82C0-2274908B61BD}.Debug|Any CPU.Build.0 = Debug|Any CPU
		{F7722602-F11D-4BAE-82C0-2274908B61BD}.Release|Any CPU.ActiveCfg = Release|Any CPU
		{F7722602-F11D-4BAE-82C0-2274908B61BD}.Release|Any CPU.Build.0 = Release|Any CPU
		{1049BEC9-15AF-46AF-A356-32BA6EA7ECBD}.Debug|Any CPU.ActiveCfg = Debug|Any CPU
		{1049BEC9-15AF-46AF-A356-32BA6EA7ECBD}.Debug|Any CPU.Build.0 = Debug|Any CPU
		{1049BEC9-15AF-46AF-A356-32BA6EA7ECBD}.Release|Any CPU.ActiveCfg = Release|Any CPU
		{1049BEC9-15AF-46AF-A356-32BA6EA7ECBD}.Release|Any CPU.Build.0 = Release|Any CPU
		{E6EDBDC7-D727-407A-A131-B23C1A98C987}.Debug|Any CPU.ActiveCfg = Debug|Any CPU
		{E6EDBDC7-D727-407A-A131-B23C1A98C987}.Debug|Any CPU.Build.0 = Debug|Any CPU
		{E6EDBDC7-D727-407A-A131-B23C1A98C987}.Release|Any CPU.ActiveCfg = Release|Any CPU
		{E6EDBDC7-D727-407A-A131-B23C1A98C987}.Release|Any CPU.Build.0 = Release|Any CPU
		{FEC3BBCE-0EBE-4AD9-B31B-F3D08167C69E}.Debug|Any CPU.ActiveCfg = Debug|Any CPU
		{FEC3BBCE-0EBE-4AD9-B31B-F3D08167C69E}.Debug|Any CPU.Build.0 = Debug|Any CPU
		{FEC3BBCE-0EBE-4AD9-B31B-F3D08167C69E}.Release|Any CPU.ActiveCfg = Release|Any CPU
		{FEC3BBCE-0EBE-4AD9-B31B-F3D08167C69E}.Release|Any CPU.Build.0 = Release|Any CPU
		{54887447-13B9-4754-BAC5-365CD9D690BE}.Debug|Any CPU.ActiveCfg = Debug|Any CPU
		{54887447-13B9-4754-BAC5-365CD9D690BE}.Debug|Any CPU.Build.0 = Debug|Any CPU
		{54887447-13B9-4754-BAC5-365CD9D690BE}.Release|Any CPU.ActiveCfg = Release|Any CPU
		{54887447-13B9-4754-BAC5-365CD9D690BE}.Release|Any CPU.Build.0 = Release|Any CPU
		{E068AC41-7CBE-4B67-8873-2A02FA509A5A}.Debug|Any CPU.ActiveCfg = Debug|Any CPU
		{E068AC41-7CBE-4B67-8873-2A02FA509A5A}.Debug|Any CPU.Build.0 = Debug|Any CPU
		{E068AC41-7CBE-4B67-8873-2A02FA509A5A}.Release|Any CPU.ActiveCfg = Release|Any CPU
		{E068AC41-7CBE-4B67-8873-2A02FA509A5A}.Release|Any CPU.Build.0 = Release|Any CPU
		{146E7E67-2AC4-4162-8EE2-FFD9BF313BF9}.Debug|Any CPU.ActiveCfg = Debug|Any CPU
		{146E7E67-2AC4-4162-8EE2-FFD9BF313BF9}.Debug|Any CPU.Build.0 = Debug|Any CPU
		{146E7E67-2AC4-4162-8EE2-FFD9BF313BF9}.Release|Any CPU.ActiveCfg = Release|Any CPU
		{146E7E67-2AC4-4162-8EE2-FFD9BF313BF9}.Release|Any CPU.Build.0 = Release|Any CPU
		{E767139B-2ADF-48E8-8CB9-4C2B2A8908C3}.Debug|Any CPU.ActiveCfg = Debug|Any CPU
		{E767139B-2ADF-48E8-8CB9-4C2B2A8908C3}.Debug|Any CPU.Build.0 = Debug|Any CPU
		{E767139B-2ADF-48E8-8CB9-4C2B2A8908C3}.Release|Any CPU.ActiveCfg = Release|Any CPU
		{E767139B-2ADF-48E8-8CB9-4C2B2A8908C3}.Release|Any CPU.Build.0 = Release|Any CPU
		{9FDB7D4B-5F30-4B71-BE11-494A3CB7E6C0}.Debug|Any CPU.ActiveCfg = Debug|Any CPU
		{9FDB7D4B-5F30-4B71-BE11-494A3CB7E6C0}.Debug|Any CPU.Build.0 = Debug|Any CPU
		{9FDB7D4B-5F30-4B71-BE11-494A3CB7E6C0}.Release|Any CPU.ActiveCfg = Release|Any CPU
		{9FDB7D4B-5F30-4B71-BE11-494A3CB7E6C0}.Release|Any CPU.Build.0 = Release|Any CPU
		{F937EB0A-871F-4574-9570-B75F90AEF745}.Debug|Any CPU.ActiveCfg = Debug|Any CPU
		{F937EB0A-871F-4574-9570-B75F90AEF745}.Debug|Any CPU.Build.0 = Debug|Any CPU
		{F937EB0A-871F-4574-9570-B75F90AEF745}.Release|Any CPU.ActiveCfg = Release|Any CPU
		{F937EB0A-871F-4574-9570-B75F90AEF745}.Release|Any CPU.Build.0 = Release|Any CPU
	EndGlobalSection
	GlobalSection(SolutionProperties) = preSolution
		HideSolutionNode = FALSE
	EndGlobalSection
	GlobalSection(ExtensibilityGlobals) = postSolution
		SolutionGuid = {3105A270-AB10-4664-8568-4359D04C93CF}
	EndGlobalSection
EndGlobal
