{
  "version": 2,
  "dependencies": {
    "net10.0": {
      "Elastic.Clients.Elasticsearch": {
        "type": "Direct",
        "requested": "[9.3.5, )",
        "resolved": "9.3.5",
        "contentHash": "79c52HmIlL/DW+llmv4wxV1le6GmocGfQ0PKOkDY3STPF3kL1L6zOKEMCRxB8UOt7huanjhpTL59l0Nh3p0s4Q==",
        "dependencies": {
          "Elastic.Esql": "0.11.0",
          "Elastic.Transport": "0.16.0"
        }
      },
      "Microsoft.SourceLink.GitHub": {
        "type": "Direct",
        "requested": "[8.0.0, )",
        "resolved": "8.0.0",
        "contentHash": "G5q7OqtwIyGTkeIOAc3u2ZuV/kicQaec5EaRnc0pIeSnh9LUjj+PYQrJYBURvDt7twGl2PKA7nSN0kz1Zw5bnQ==",
        "dependencies": {
          "Microsoft.Build.Tasks.Git": "8.0.0",
          "Microsoft.SourceLink.Common": "8.0.0"
        }
      },
      "MinVer": {
        "type": "Direct",
        "requested": "[7.0.0, )",
        "resolved": "7.0.0",
        "contentHash": "2lMTCQl5bGP4iv0JNkockPnyllC6eHLz+CoK2ICvalvHod+exXSxueu9hq+zNkU7bZBJf8wMfeRC/Edn8AGmEg=="
      },
      "Elastic.Esql": {
        "type": "Transitive",
        "resolved": "0.11.0",
        "contentHash": "frYrulxZxDLsAk5vBw6oVG4dOYcGFSOPBsJ+1EfLn/sEB/fS56zVEbEitdVxreY3xREdhZwS9dtUkAqsAt037g=="
      },
      "Microsoft.Build.Tasks.Git": {
        "type": "Transitive",
        "resolved": "8.0.0",
        "contentHash": "bZKfSIKJRXLTuSzLudMFte/8CempWjVamNUR5eHJizsy+iuOuO/k2gnh7W0dHJmYY0tBf+gUErfluCv5mySAOQ=="
      },
      "Microsoft.SourceLink.Common": {
        "type": "Transitive",
        "resolved": "8.0.0",
        "contentHash": "dk9JPxTCIevS75HyEQ0E4OVAFhB2N+V9ShCXf8Q6FkUQZDkgLI12y679Nym1YqsiSysuQskT7Z+6nUf3yab6Vw=="
      },
      "kck.search.abstractions": {
        "type": "Project"
      },
      "Elastic.Transport": {
        "type": "CentralTransitive",
        "requested": "[0.5.9, )",
        "resolved": "0.16.0",
        "contentHash": "1UKivcp3yo6Bdt5o6QEKmPdgSNvNWPexKjBKkYRm2gED7qhoNo/H30dMkW0PQOenA4Kq6EMy9+7lTnOzBTvwjw=="
      }
    },
    "net8.0": {
      "Elastic.Clients.Elasticsearch": {
        "type": "Direct",
        "requested": "[9.3.5, )",
        "resolved": "9.3.5",
        "contentHash": "79c52HmIlL/DW+llmv4wxV1le6GmocGfQ0PKOkDY3STPF3kL1L6zOKEMCRxB8UOt7huanjhpTL59l0Nh3p0s4Q==",
        "dependencies": {
          "Elastic.Esql": "0.11.0",
          "Elastic.Transport": "0.16.0"
        }
      },
      "Microsoft.SourceLink.GitHub": {
        "type": "Direct",
        "requested": "[8.0.0, )",
        "resolved": "8.0.0",
        "contentHash": "G5q7OqtwIyGTkeIOAc3u2ZuV/kicQaec5EaRnc0pIeSnh9LUjj+PYQrJYBURvDt7twGl2PKA7nSN0kz1Zw5bnQ==",
        "dependencies": {
          "Microsoft.Build.Tasks.Git": "8.0.0",
          "Microsoft.SourceLink.Common": "8.0.0"
        }
      },
      "MinVer": {
        "type": "Direct",
        "requested": "[7.0.0, )",
        "resolved": "7.0.0",
        "contentHash": "2lMTCQl5bGP4iv0JNkockPnyllC6eHLz+CoK2ICvalvHod+exXSxueu9hq+zNkU7bZBJf8wMfeRC/Edn8AGmEg=="
      },
      "Elastic.Esql": {
        "type": "Transitive",
        "resolved": "0.11.0",
        "contentHash": "frYrulxZxDLsAk5vBw6oVG4dOYcGFSOPBsJ+1EfLn/sEB/fS56zVEbEitdVxreY3xREdhZwS9dtUkAqsAt037g==",
        "dependencies": {
          "System.Text.Json": "10.0.0"
        }
      },
      "Microsoft.Build.Tasks.Git": {
        "type": "Transitive",
        "resolved": "8.0.0",
        "contentHash": "bZKfSIKJRXLTuSzLudMFte/8CempWjVamNUR5eHJizsy+iuOuO/k2gnh7W0dHJmYY0tBf+gUErfluCv5mySAOQ=="
      },
      "Microsoft.SourceLink.Common": {
        "type": "Transitive",
        "resolved": "8.0.0",
        "contentHash": "dk9JPxTCIevS75HyEQ0E4OVAFhB2N+V9ShCXf8Q6FkUQZDkgLI12y679Nym1YqsiSysuQskT7Z+6nUf3yab6Vw=="
      },
      "System.Diagnostics.DiagnosticSource": {
        "type": "Transitive",
        "resolved": "10.0.0",
        "contentHash": "0KdBK+h7G13PuOSC2R/DalAoFMvdYMznvGRuICtkdcUMXgl/gYXsG6z4yUvTxHSMACorWgHCU1Faq0KUHU6yAQ=="
      },
      "System.IO.Pipelines": {
        "type": "Transitive",
        "resolved": "10.0.0",
        "contentHash": "M1eb3nfXntaRJPrrMVM9EFS8I1bDTnt0uvUS6QP/SicZf/ZZjydMD5NiXxfmwW/uQwaMDP/yX2P+zQN1NBHChg=="
      },
      "System.Text.Json": {
        "type": "Transitive",
        "resolved": "10.0.0",
        "contentHash": "1Dpjwq9peG/Wt5BNbrzIhTpclfOSqBWZsUO28vVr59yQlkvL5jLBWfpfzRmJ1OY+6DciaY0DUcltyzs4fuZHjw==",
        "dependencies": {
          "System.IO.Pipelines": "10.0.0",
          "System.Text.Encodings.Web": "10.0.0"
        }
      },
      "kck.search.abstractions": {
        "type": "Project"
      },
      "Elastic.Transport": {
        "type": "CentralTransitive",
        "requested": "[0.5.9, )",
        "resolved": "0.16.0",
        "contentHash": "1UKivcp3yo6Bdt5o6QEKmPdgSNvNWPexKjBKkYRm2gED7qhoNo/H30dMkW0PQOenA4Kq6EMy9+7lTnOzBTvwjw==",
        "dependencies": {
          "System.Diagnostics.DiagnosticSource": "10.0.0",
          "System.Text.Json": "10.0.0"
        }
      },
      "System.Text.Encodings.Web": {
        "type": "CentralTransitive",
        "requested": "[10.0.5, )",
        "resolved": "10.0.0",
        "contentHash": "257hh1ep1Gqm1Lm0ulxf7vVBVMJuGN6EL4xSWjpi46DffXzm1058IiWsfSC06zSm7SniN+Tb5160UnXsSa8rRg=="
      }
    }
  }
}