{
  "version": 2,
  "dependencies": {
    "net10.0": {
      "Elastic.Clients.Elasticsearch": {
        "type": "Direct",
        "requested": "[9.3.5, )",
        "resolved": "9.3.5",
        "contentHash": "79c52HmIlL/DW+llmv4wxV1le6GmocGfQ0PKOkDY3STPF3kL1L6zOKEMCRxB8UOt7huanjhpTL59l0Nh3p0s4Q==",
        "dependencies": {
          "Elastic.Esql": "0.11.0",
          "Elastic.Transport": "0.16.0"
        }
      },
      "Microsoft.SourceLink.GitHub": {
        "type": "Direct",
        "requested": "[10.0.203, )",
        "resolved": "10.0.203",
        "contentHash": "R4Tvr1oACImMS+Y5M7NM07ll9QyJSKnki3Dvz8QwG1W6FEmd+9fmZXAF6BE6UPswHF6n0v41wgMQGlaudOspqA==",
        "dependencies": {
          "Microsoft.Build.Tasks.Git": "10.0.203",
          "Microsoft.SourceLink.Common": "10.0.203",
          "System.IO.Hashing": "10.0.7"
        }
      },
      "MinVer": {
        "type": "Direct",
        "requested": "[7.0.0, )",
        "resolved": "7.0.0",
        "contentHash": "2lMTCQl5bGP4iv0JNkockPnyllC6eHLz+CoK2ICvalvHod+exXSxueu9hq+zNkU7bZBJf8wMfeRC/Edn8AGmEg=="
      },
      "Elastic.Esql": {
        "type": "Transitive",
        "resolved": "0.11.0",
        "contentHash": "frYrulxZxDLsAk5vBw6oVG4dOYcGFSOPBsJ+1EfLn/sEB/fS56zVEbEitdVxreY3xREdhZwS9dtUkAqsAt037g=="
      },
      "Microsoft.Build.Tasks.Git": {
        "type": "Transitive",
        "resolved": "10.0.203",
        "contentHash": "m56WtzvIcL6t7JR3c7ogYitHizNM2QnRSo8yqxrQi+m5E/GGyDEmqymP+2p6YsFXn0j/Tzz67s4FQnrTLC7GKQ==",
        "dependencies": {
          "System.IO.Hashing": "10.0.7"
        }
      },
      "Microsoft.SourceLink.Common": {
        "type": "Transitive",
        "resolved": "10.0.203",
        "contentHash": "QYAnhBCOkT3ZUT/fHag11+bamwlbZ3U9Vi/WfKrD9emdUf1t3aqjWv0V2KtEGHSRSC81aBc8Oy/mvyGpEYd9Pg=="
      },
      "System.IO.Hashing": {
        "type": "Transitive",
        "resolved": "10.0.7",
        "contentHash": "6hsjdSr4VOXSOnhALkYplHpAxnTG1J33YN42IB6nH2fEg4QnJqrZ4Ft+qn7mkrKAOYC8pCSFYwVWw6rQbmwgLQ=="
      },
      "kck.search.abstractions": {
        "type": "Project"
      },
      "Elastic.Transport": {
        "type": "CentralTransitive",
        "requested": "[0.5.9, )",
        "resolved": "0.16.0",
        "contentHash": "1UKivcp3yo6Bdt5o6QEKmPdgSNvNWPexKjBKkYRm2gED7qhoNo/H30dMkW0PQOenA4Kq6EMy9+7lTnOzBTvwjw=="
      }
    }
  }
}