{
  "version": 2,
  "dependencies": {
    "net10.0": {
      "Hangfire": {
        "type": "Direct",
        "requested": "[1.8.23, )",
        "resolved": "1.8.23",
        "contentHash": "WmVI9+aQDj0cUmCqNkkIz0WQaWcvviNTMtyUTTuIF6ci1eVHsmo+DEWRXqGApYRbmoiCzWNE40JuTjPaXbRePA==",
        "dependencies": {
          "Hangfire.AspNetCore": "[1.8.23]",
          "Hangfire.Core": "[1.8.23]",
          "Hangfire.SqlServer": "[1.8.23]"
        }
      },
      "Hangfire.InMemory": {
        "type": "Direct",
        "requested": "[1.0.0, )",
        "resolved": "1.0.0",
        "contentHash": "56H71lfcqn5sN/8Bjj9hOLGTG5HIERLRuMsRJTFpw0Tsq5ck5OUkNvtUw92s7bwD3PRKOo4PkDGqNs9KugaqoQ==",
        "dependencies": {
          "Hangfire.Core": "1.8.0"
        }
      },
      "Microsoft.SourceLink.GitHub": {
        "type": "Direct",
        "requested": "[10.0.203, )",
        "resolved": "10.0.203",
        "contentHash": "R4Tvr1oACImMS+Y5M7NM07ll9QyJSKnki3Dvz8QwG1W6FEmd+9fmZXAF6BE6UPswHF6n0v41wgMQGlaudOspqA==",
        "dependencies": {
          "Microsoft.Build.Tasks.Git": "10.0.203",
          "Microsoft.SourceLink.Common": "10.0.203",
          "System.IO.Hashing": "10.0.7"
        }
      },
      "MinVer": {
        "type": "Direct",
        "requested": "[7.0.0, )",
        "resolved": "7.0.0",
        "contentHash": "2lMTCQl5bGP4iv0JNkockPnyllC6eHLz+CoK2ICvalvHod+exXSxueu9hq+zNkU7bZBJf8wMfeRC/Edn8AGmEg=="
      },
      "Newtonsoft.Json": {
        "type": "Direct",
        "requested": "[13.0.3, )",
        "resolved": "13.0.3",
        "contentHash": "HrC5BXdl00IP9zeV+0Z848QWPAoCr9P3bDEZguI+gkLcBKAOxix/tLEAAHC+UvDNPv4a2d18lOReHMOagPa+zQ=="
      },
      "Hangfire.AspNetCore": {
        "type": "Transitive",
        "resolved": "1.8.23",
        "contentHash": "TXpOl7kX4xXq5bLEqqWCpt9zh3TaouDwtb3GDtzGHX5uSC2RaAqZzn2swevivx3Uki16slXIigiPtgr4TPKpsg==",
        "dependencies": {
          "Hangfire.NetCore": "[1.8.23]"
        }
      },
      "Hangfire.Core": {
        "type": "Transitive",
        "resolved": "1.8.23",
        "contentHash": "YCOTtF3NNOQI83PlfjeNDDBkofJDfdET2CwhfQsiVBwmsU6lP19QW9NVTIH9epl+MnOsyFC2G1RnlPSGV8F1FQ==",
        "dependencies": {
          "Newtonsoft.Json": "11.0.1"
        }
      },
      "Hangfire.NetCore": {
        "type": "Transitive",
        "resolved": "1.8.23",
        "contentHash": "SmvUJF/u5MCP666R5Y1V+GntqBc4RCWJqn5ztMMN67d53Cx5cuaWR0YNLMrabjylwLarFYJ7EdR9RnGEZzp/dg==",
        "dependencies": {
          "Hangfire.Core": "[1.8.23]"
        }
      },
      "Hangfire.SqlServer": {
        "type": "Transitive",
        "resolved": "1.8.23",
        "contentHash": "HiRUbwveK0+wop8iY98Z5DrtfjP+1QCly6IO+21Bnolb5kTO5eCrtKbGErHfhSN0BzKk9ehmTLk9uDHQdAtfcQ==",
        "dependencies": {
          "Hangfire.Core": "[1.8.23]"
        }
      },
      "Microsoft.Build.Tasks.Git": {
        "type": "Transitive",
        "resolved": "10.0.203",
        "contentHash": "m56WtzvIcL6t7JR3c7ogYitHizNM2QnRSo8yqxrQi+m5E/GGyDEmqymP+2p6YsFXn0j/Tzz67s4FQnrTLC7GKQ==",
        "dependencies": {
          "System.IO.Hashing": "10.0.7"
        }
      },
      "Microsoft.SourceLink.Common": {
        "type": "Transitive",
        "resolved": "10.0.203",
        "contentHash": "QYAnhBCOkT3ZUT/fHag11+bamwlbZ3U9Vi/WfKrD9emdUf1t3aqjWv0V2KtEGHSRSC81aBc8Oy/mvyGpEYd9Pg=="
      },
      "System.IO.Hashing": {
        "type": "Transitive",
        "resolved": "10.0.7",
        "contentHash": "6hsjdSr4VOXSOnhALkYplHpAxnTG1J33YN42IB6nH2fEg4QnJqrZ4Ft+qn7mkrKAOYC8pCSFYwVWw6rQbmwgLQ=="
      },
      "kck.backgroundjobs.abstractions": {
        "type": "Project"
      }
    }
  }
}