{
  "version": 2,
  "dependencies": {
    "net10.0": {
      "Hangfire": {
        "type": "Direct",
        "requested": "[1.8.23, )",
        "resolved": "1.8.23",
        "contentHash": "WmVI9+aQDj0cUmCqNkkIz0WQaWcvviNTMtyUTTuIF6ci1eVHsmo+DEWRXqGApYRbmoiCzWNE40JuTjPaXbRePA==",
        "dependencies": {
          "Hangfire.AspNetCore": "[1.8.23]",
          "Hangfire.Core": "[1.8.23]",
          "Hangfire.SqlServer": "[1.8.23]"
        }
      },
      "Hangfire.InMemory": {
        "type": "Direct",
        "requested": "[1.0.0, )",
        "resolved": "1.0.0",
        "contentHash": "56H71lfcqn5sN/8Bjj9hOLGTG5HIERLRuMsRJTFpw0Tsq5ck5OUkNvtUw92s7bwD3PRKOo4PkDGqNs9KugaqoQ==",
        "dependencies": {
          "Hangfire.Core": "1.8.0"
        }
      },
      "MinVer": {
        "type": "Direct",
        "requested": "[7.0.0, )",
        "resolved": "7.0.0",
        "contentHash": "2lMTCQl5bGP4iv0JNkockPnyllC6eHLz+CoK2ICvalvHod+exXSxueu9hq+zNkU7bZBJf8wMfeRC/Edn8AGmEg=="
      },
      "Hangfire.AspNetCore": {
        "type": "Transitive",
        "resolved": "1.8.23",
        "contentHash": "TXpOl7kX4xXq5bLEqqWCpt9zh3TaouDwtb3GDtzGHX5uSC2RaAqZzn2swevivx3Uki16slXIigiPtgr4TPKpsg==",
        "dependencies": {
          "Hangfire.NetCore": "[1.8.23]"
        }
      },
      "Hangfire.Core": {
        "type": "Transitive",
        "resolved": "1.8.23",
        "contentHash": "YCOTtF3NNOQI83PlfjeNDDBkofJDfdET2CwhfQsiVBwmsU6lP19QW9NVTIH9epl+MnOsyFC2G1RnlPSGV8F1FQ==",
        "dependencies": {
          "Newtonsoft.Json": "11.0.1"
        }
      },
      "Hangfire.NetCore": {
        "type": "Transitive",
        "resolved": "1.8.23",
        "contentHash": "SmvUJF/u5MCP666R5Y1V+GntqBc4RCWJqn5ztMMN67d53Cx5cuaWR0YNLMrabjylwLarFYJ7EdR9RnGEZzp/dg==",
        "dependencies": {
          "Hangfire.Core": "[1.8.23]"
        }
      },
      "Hangfire.SqlServer": {
        "type": "Transitive",
        "resolved": "1.8.23",
        "contentHash": "HiRUbwveK0+wop8iY98Z5DrtfjP+1QCly6IO+21Bnolb5kTO5eCrtKbGErHfhSN0BzKk9ehmTLk9uDHQdAtfcQ==",
        "dependencies": {
          "Hangfire.Core": "[1.8.23]"
        }
      },
      "Newtonsoft.Json": {
        "type": "Transitive",
        "resolved": "11.0.1",
        "contentHash": "pNN4l+J6LlpIvHOeNdXlwxv39NPJ2B5klz+Rd2UQZIx30Squ5oND1Yy3wEAUoKn0GPUj6Yxt9lxlYWQqfZcvKg=="
      },
      "kck.backgroundjobs.abstractions": {
        "type": "Project"
      }
    }
  }
}