{
  "version": 2,
  "dependencies": {
    "net10.0": {
      "Microsoft.SourceLink.GitHub": {
        "type": "Direct",
        "requested": "[10.0.203, )",
        "resolved": "10.0.203",
        "contentHash": "R4Tvr1oACImMS+Y5M7NM07ll9QyJSKnki3Dvz8QwG1W6FEmd+9fmZXAF6BE6UPswHF6n0v41wgMQGlaudOspqA==",
        "dependencies": {
          "Microsoft.Build.Tasks.Git": "10.0.203",
          "Microsoft.SourceLink.Common": "10.0.203",
          "System.IO.Hashing": "10.0.7"
        }
      },
      "MinVer": {
        "type": "Direct",
        "requested": "[7.0.0, )",
        "resolved": "7.0.0",
        "contentHash": "2lMTCQl5bGP4iv0JNkockPnyllC6eHLz+CoK2ICvalvHod+exXSxueu9hq+zNkU7bZBJf8wMfeRC/Edn8AGmEg=="
      },
      "Quartz": {
        "type": "Direct",
        "requested": "[3.16.1, )",
        "resolved": "3.16.1",
        "contentHash": "U8SCG2bOmmVdM4tArsJcYbFF8GYTUXj9Zjl9fL7Xt0BWTRIFAmqx3T7k20eJUcmIqYBa3eAk7MOS/yJhfG5xAA=="
      },
      "Quartz.Extensions.DependencyInjection": {
        "type": "Direct",
        "requested": "[3.16.1, )",
        "resolved": "3.16.1",
        "contentHash": "yfjS7e9hgVugIP4etIns+QFGCb1fi3I7PwidE/DluHob8nF2hDIM4DvEsYzF0AJ/go1oJiWLB8RnEaP0fcAA0w==",
        "dependencies": {
          "Quartz": "3.16.1"
        }
      },
      "Quartz.Extensions.Hosting": {
        "type": "Direct",
        "requested": "[3.16.1, )",
        "resolved": "3.16.1",
        "contentHash": "mTnELjDUbGTfCjqWv/IxL2DMrb4AnJSEggzd1hVHjSlWHb/1dE+o5dkPYGrfcksRtExKSyOOCrQuv4XGHi1wEQ==",
        "dependencies": {
          "Quartz.Extensions.DependencyInjection": "3.16.1"
        }
      },
      "Microsoft.Build.Tasks.Git": {
        "type": "Transitive",
        "resolved": "10.0.203",
        "contentHash": "m56WtzvIcL6t7JR3c7ogYitHizNM2QnRSo8yqxrQi+m5E/GGyDEmqymP+2p6YsFXn0j/Tzz67s4FQnrTLC7GKQ==",
        "dependencies": {
          "System.IO.Hashing": "10.0.7"
        }
      },
      "Microsoft.SourceLink.Common": {
        "type": "Transitive",
        "resolved": "10.0.203",
        "contentHash": "QYAnhBCOkT3ZUT/fHag11+bamwlbZ3U9Vi/WfKrD9emdUf1t3aqjWv0V2KtEGHSRSC81aBc8Oy/mvyGpEYd9Pg=="
      },
      "System.IO.Hashing": {
        "type": "Transitive",
        "resolved": "10.0.7",
        "contentHash": "6hsjdSr4VOXSOnhALkYplHpAxnTG1J33YN42IB6nH2fEg4QnJqrZ4Ft+qn7mkrKAOYC8pCSFYwVWw6rQbmwgLQ=="
      },
      "kck.backgroundjobs.abstractions": {
        "type": "Project"
      }
    }
  }
}